# This file is automatically @generated by Cargo.
# It is not intended for manual editing.
version = 3

[[package]]
name = "fizz_buzz"
version = "0.1.0"
dependencies = [
 "itoap",
]

[[package]]
name = "itoap"
version = "0.1.5"
source = "registry+https://github.com/rust-lang/crates.io-index"
checksum = "22ff16bae486bcc1443ddbf7fa93d21dbe638f0b96d141bf7e8c37e311e75777"
